// !$*UTF8*$!
{
	archiveVersion = 1;
	classes = {
	};
	objectVersion = 50;
	objects = {

/* Begin PBXBuildFile section */
		AF4DF58B24CF09D9003CBD00 /* ConstantsTemplate.swift in Sources */ = {isa = PBXBuildFile; fileRef = AF4DF58A24CF09D9003CBD00 /* ConstantsTemplate.swift */; };
		AFFF08A424CB1CBD0065D74E /* AppDelegate.swift in Sources */ = {isa = PBXBuildFile; fileRef = AFFF08A324CB1CBD0065D74E /* AppDelegate.swift */; };
		AFFF08A624CB1CBD0065D74E /* SceneDelegate.swift in Sources */ = {isa = PBXBuildFile; fileRef = AFFF08A524CB1CBD0065D74E /* SceneDelegate.swift */; };
		AFFF08A824CB1CBD0065D74E /* ViewController.swift in Sources */ = {isa = PBXBuildFile; fileRef = AFFF08A724CB1CBD0065D74E /* ViewController.swift */; };
		AFFF08AB24CB1CBD0065D74E /* Main.storyboard in Resources */ = {isa = PBXBuildFile; fileRef = AFFF08A924CB1CBD0065D74E /* Main.storyboard */; };
		AFFF08AD24CB1CBE0065D74E /* Assets.xcassets in Resources */ = {isa = PBXBuildFile; fileRef = AFFF08AC24CB1CBE0065D74E /* Assets.xcassets */; };
		AFFF08B024CB1CBE0065D74E /* LaunchScreen.storyboard in Resources */ = {isa = PBXBuildFile; fileRef = AFFF08AE24CB1CBE0065D74E /* LaunchScreen.storyboard */; };
		AFFF08B824CB5D3E0065D74E /* Constants.swift in Sources */ = {isa = PBXBuildFile; fileRef = AFFF08B724CB5D3E0065D74E /* Constants.swift */; };
		AFFF08BA24CB5E950065D74E /* Video.swift in Sources */ = {isa = PBXBuildFile; fileRef = AFFF08B924CB5E950065D74E /* Video.swift */; };
		AFFF08BC24CB5EF10065D74E /* Model.swift in Sources */ = {isa = PBXBuildFile; fileRef = AFFF08BB24CB5EF10065D74E /* Model.swift */; };
		AFFF08BE24CB6E700065D74E /* Response.swift in Sources */ = {isa = PBXBuildFile; fileRef = AFFF08BD24CB6E700065D74E /* Response.swift */; };
/* End PBXBuildFile section */

/* Begin PBXFileReference section */
		AF4DF58A24CF09D9003CBD00 /* ConstantsTemplate.swift */ = {isa = PBXFileReference; lastKnownFileType = sourcecode.swift; path = ConstantsTemplate.swift; sourceTree = "<group>"; };
		AFFF08A024CB1CBD0065D74E /* youtube.app */ = {isa = PBXFileReference; explicitFileType = wrapper.application; includeInIndex = 0; path = youtube.app; sourceTree = BUILT_PRODUCTS_DIR; };
		AFFF08A324CB1CBD0065D74E /* AppDelegate.swift */ = {isa = PBXFileReference; lastKnownFileType = sourcecode.swift; path = AppDelegate.swift; sourceTree = "<group>"; };
		AFFF08A524CB1CBD0065D74E /* SceneDelegate.swift */ = {isa = PBXFileReference; lastKnownFileType = sourcecode.swift; path = SceneDelegate.swift; sourceTree = "<group>"; };
		AFFF08A724CB1CBD0065D74E /* ViewController.swift */ = {isa = PBXFileReference; lastKnownFileType = sourcecode.swift; path = ViewController.swift; sourceTree = "<group>"; };
		AFFF08AA24CB1CBD0065D74E /* Base */ = {isa = PBXFileReference; lastKnownFileType = file.storyboard; name = Base; path = Base.lproj/Main.storyboard; sourceTree = "<group>"; };
		AFFF08AC24CB1CBE0065D74E /* Assets.xcassets */ = {isa = PBXFileReference; lastKnownFileType = folder.assetcatalog; path = Assets.xcassets; sourceTree = "<group>"; };
		AFFF08AF24CB1CBE0065D74E /* Base */ = {isa = PBXFileReference; lastKnownFileType = file.storyboard; name = Base; path = Base.lproj/LaunchScreen.storyboard; sourceTree = "<group>"; };
		AFFF08B124CB1CBE0065D74E /* Info.plist */ = {isa = PBXFileReference; lastKnownFileType = text.plist.xml; path = Info.plist; sourceTree = "<group>"; };
		AFFF08B724CB5D3E0065D74E /* Constants.swift */ = {isa = PBXFileReference; lastKnownFileType = sourcecode.swift; path = Constants.swift; sourceTree = "<group>"; };
		AFFF08B924CB5E950065D74E /* Video.swift */ = {isa = PBXFileReference; lastKnownFileType = sourcecode.swift; path = Video.swift; sourceTree = "<group>"; };
		AFFF08BB24CB5EF10065D74E /* Model.swift */ = {isa = PBXFileReference; lastKnownFileType = sourcecode.swift; path = Model.swift; sourceTree = "<group>"; };
		AFFF08BD24CB6E700065D74E /* Response.swift */ = {isa = PBXFileReference; lastKnownFileType = sourcecode.swift; path = Response.swift; sourceTree = "<group>"; };
/* End PBXFileReference section */

/* Begin PBXFrameworksBuildPhase section */
		AFFF089D24CB1CBD0065D74E /* Frameworks */ = {
			isa = PBXFrameworksBuildPhase;
			buildActionMask = 2147483647;
			files = (
			);
			runOnlyForDeploymentPostprocessing = 0;
		};
/* End PBXFrameworksBuildPhase section */

/* Begin PBXGroup section */
		AFFF089724CB1CBD0065D74E = {
			isa = PBXGroup;
			children = (
				AFFF08A224CB1CBD0065D74E /* youtube */,
				AFFF08A124CB1CBD0065D74E /* Products */,
			);
			sourceTree = "<group>";
		};
		AFFF08A124CB1CBD0065D74E /* Products */ = {
			isa = PBXGroup;
			children = (
				AFFF08A024CB1CBD0065D74E /* youtube.app */,
			);
			name = Products;
			sourceTree = "<group>";
		};
		AFFF08A224CB1CBD0065D74E /* youtube */ = {
			isa = PBXGroup;
			children = (
				AFFF08A324CB1CBD0065D74E /* AppDelegate.swift */,
				AFFF08A524CB1CBD0065D74E /* SceneDelegate.swift */,
				AFFF08A724CB1CBD0065D74E /* ViewController.swift */,
				AFFF08A924CB1CBD0065D74E /* Main.storyboard */,
				AFFF08AC24CB1CBE0065D74E /* Assets.xcassets */,
				AFFF08AE24CB1CBE0065D74E /* LaunchScreen.storyboard */,
				AFFF08B124CB1CBE0065D74E /* Info.plist */,
				AFFF08B724CB5D3E0065D74E /* Constants.swift */,
				AFFF08B924CB5E950065D74E /* Video.swift */,
				AFFF08BB24CB5EF10065D74E /* Model.swift */,
				AFFF08BD24CB6E700065D74E /* Response.swift */,
				AF4DF58A24CF09D9003CBD00 /* ConstantsTemplate.swift */,
			);
			path = youtube;
			sourceTree = "<group>";
		};
/* End PBXGroup section */

/* Begin PBXNativeTarget section */
		AFFF089F24CB1CBD0065D74E /* youtube */ = {
			isa = PBXNativeTarget;
			buildConfigurationList = AFFF08B424CB1CBE0065D74E /* Build configuration list for PBXNativeTarget "youtube" */;
			buildPhases = (
				AFFF089C24CB1CBD0065D74E /* Sources */,
				AFFF089D24CB1CBD0065D74E /* Frameworks */,
				AFFF089E24CB1CBD0065D74E /* Resources */,
			);
			buildRules = (
			);
			dependencies = (
			);
			name = youtube;
			productName = youtube;
			productReference = AFFF08A024CB1CBD0065D74E /* youtube.app */;
			productType = "com.apple.product-type.application";
		};
/* End PBXNativeTarget section */

/* Begin PBXProject section */
		AFFF089824CB1CBD0065D74E /* Project object */ = {
			isa = PBXProject;
			attributes = {
				LastSwiftUpdateCheck = 1160;
				LastUpgradeCheck = 1160;
				ORGANIZATIONNAME = "Jonathan Emery";
				TargetAttributes = {
					AFFF089F24CB1CBD0065D74E = {
						CreatedOnToolsVersion = 11.6;
					};
				};
			};
			buildConfigurationList = AFFF089B24CB1CBD0065D74E /* Build configuration list for PBXProject "youtube" */;
			compatibilityVersion = "Xcode 9.3";
			developmentRegion = en;
			hasScannedForEncodings = 0;
			knownRegions = (
				en,
				Base,
			);
			mainGroup = AFFF089724CB1CBD0065D74E;
			productRefGroup = AFFF08A124CB1CBD0065D74E /* Products */;
			projectDirPath = "";
			projectRoot = "";
			targets = (
				AFFF089F24CB1CBD0065D74E /* youtube */,
			);
		};
/* End PBXProject section */

/* Begin PBXResourcesBuildPhase section */
		AFFF089E24CB1CBD0065D74E /* Resources */ = {
			isa = PBXResourcesBuildPhase;
			buildActionMask = 2147483647;
			files = (
				AFFF08B024CB1CBE0065D74E /* LaunchScreen.storyboard in Resources */,
				AFFF08AD24CB1CBE0065D74E /* Assets.xcassets in Resources */,
				AFFF08AB24CB1CBD0065D74E /* Main.storyboard in Resources */,
			);
			runOnlyForDeploymentPostprocessing = 0;
		};
/* End PBXResourcesBuildPhase section */

/* Begin PBXSourcesBuildPhase section */
		AFFF089C24CB1CBD0065D74E /* Sources */ = {
			isa = PBXSourcesBuildPhase;
			buildActionMask = 2147483647;
			files = (
				AFFF08A824CB1CBD0065D74E /* ViewController.swift in Sources */,
				AFFF08A424CB1CBD0065D74E /* AppDelegate.swift in Sources */,
				AFFF08A624CB1CBD0065D74E /* SceneDelegate.swift in Sources */,
				AF4DF58B24CF09D9003CBD00 /* ConstantsTemplate.swift in Sources */,
				AFFF08BC24CB5EF10065D74E /* Model.swift in Sources */,
				AFFF08B824CB5D3E0065D74E /* Constants.swift in Sources */,
				AFFF08BA24CB5E950065D74E /* Video.swift in Sources */,
				AFFF08BE24CB6E700065D74E /* Response.swift in Sources */,
			);
			runOnlyForDeploymentPostprocessing = 0;
		};
/* End PBXSourcesBuildPhase section */

/* Begin PBXVariantGroup section */
		AFFF08A924CB1CBD0065D74E /* Main.storyboard */ = {
			isa = PBXVariantGroup;
			children = (
				AFFF08AA24CB1CBD0065D74E /* Base */,
			);
			name = Main.storyboard;
			sourceTree = "<group>";
		};
		AFFF08AE24CB1CBE0065D74E /* LaunchScreen.storyboard */ = {
			isa = PBXVariantGroup;
			children = (
				AFFF08AF24CB1CBE0065D74E /* Base */,
			);
			name = LaunchScreen.storyboard;
			sourceTree = "<group>";
		};
/* End PBXVariantGroup section */

/* Begin XCBuildConfiguration section */
		AFFF08B224CB1CBE0065D74E /* Debug */ = {
			isa = XCBuildConfiguration;
			buildSettings = {
				ALWAYS_SEARCH_USER_PATHS = NO;
				CLANG_ANALYZER_NONNULL = YES;
				CLANG_ANALYZER_NUMBER_OBJECT_CONVERSION = YES_AGGRESSIVE;
				CLANG_CXX_LANGUAGE_STANDARD = "gnu++14";
				CLANG_CXX_LIBRARY = "libc++";
				CLANG_ENABLE_MODULES = YES;
				CLANG_ENABLE_OBJC_ARC = YES;
				CLANG_ENABLE_OBJC_WEAK = YES;
				CLANG_WARN_BLOCK_CAPTURE_AUTORELEASING = YES;
				CLANG_WARN_BOOL_CONVERSION = YES;
				CLANG_WARN_COMMA = YES;
				CLANG_WARN_CONSTANT_CONVERSION = YES;
				CLANG_WARN_DEPRECATED_OBJC_IMPLEMENTATIONS = YES;
				CLANG_WARN_DIRECT_OBJC_ISA_USAGE = YES_ERROR;
				CLANG_WARN_DOCUMENTATION_COMMENTS = YES;
				CLANG_WARN_EMPTY_BODY = YES;
				CLANG_WARN_ENUM_CONVERSION = YES;
				CLANG_WARN_INFINITE_RECURSION = YES;
				CLANG_WARN_INT_CONVERSION = YES;
				CLANG_WARN_NON_LITERAL_NULL_CONVERSION = YES;
				CLANG_WARN_OBJC_IMPLICIT_RETAIN_SELF = YES;
				CLANG_WARN_OBJC_LITERAL_CONVERSION = YES;
				CLANG_WARN_OBJC_ROOT_CLASS = YES_ERROR;
				CLANG_WARN_RANGE_LOOP_ANALYSIS = YES;
				CLANG_WARN_STRICT_PROTOTYPES = YES;
				CLANG_WARN_SUSPICIOUS_MOVE = YES;
				CLANG_WARN_UNGUARDED_AVAILABILITY = YES_AGGRESSIVE;
				CLANG_WARN_UNREACHABLE_CODE = YES;
				CLANG_WARN__DUPLICATE_METHOD_MATCH = YES;
				COPY_PHASE_STRIP = NO;
				DEBUG_INFORMATION_FORMAT = dwarf;
				ENABLE_STRICT_OBJC_MSGSEND = YES;
				ENABLE_TESTABILITY = YES;
				GCC_C_LANGUAGE_STANDARD = gnu11;
				GCC_DYNAMIC_NO_PIC = NO;
				GCC_NO_COMMON_BLOCKS = YES;
				GCC_OPTIMIZATION_LEVEL = 0;
				GCC_PREPROCESSOR_DEFINITIONS = (
					"DEBUG=1",
					"$(inherited)",
				);
				GCC_WARN_64_TO_32_BIT_CONVERSION = YES;
				GCC_WARN_ABOUT_RETURN_TYPE = YES_ERROR;
				GCC_WARN_UNDECLARED_SELECTOR = YES;
				GCC_WARN_UNINITIALIZED_AUTOS = YES_AGGRESSIVE;
				GCC_WARN_UNUSED_FUNCTION = YES;
				GCC_WARN_UNUSED_VARIABLE = YES;
				IPHONEOS_DEPLOYMENT_TARGET = 13.6;
				MTL_ENABLE_DEBUG_INFO = INCLUDE_SOURCE;
				MTL_FAST_MATH = YES;
				ONLY_ACTIVE_ARCH = YES;
				SDKROOT = iphoneos;
				SWIFT_ACTIVE_COMPILATION_CONDITIONS = DEBUG;
				SWIFT_OPTIMIZATION_LEVEL = "-Onone";
			};
			name = Debug;
		};
		AFFF08B324CB1CBE0065D74E /* Release */ = {
			isa = XCBuildConfiguration;
			buildSettings = {
				ALWAYS_SEARCH_USER_PATHS = NO;
				CLANG_ANALYZER_NONNULL = YES;
				CLANG_ANALYZER_NUMBER_OBJECT_CONVERSION = YES_AGGRESSIVE;
				CLANG_CXX_LANGUAGE_STANDARD = "gnu++14";
				CLANG_CXX_LIBRARY = "libc++";
				CLANG_ENABLE_MODULES = YES;
				CLANG_ENABLE_OBJC_ARC = YES;
				CLANG_ENABLE_OBJC_WEAK = YES;
				CLANG_WARN_BLOCK_CAPTURE_AUTORELEASING = YES;
				CLANG_WARN_BOOL_CONVERSION = YES;
				CLANG_WARN_COMMA = YES;
				CLANG_WARN_CONSTANT_CONVERSION = YES;
				CLANG_WARN_DEPRECATED_OBJC_IMPLEMENTATIONS = YES;
				CLANG_WARN_DIRECT_OBJC_ISA_USAGE = YES_ERROR;
				CLANG_WARN_DOCUMENTATION_COMMENTS = YES;
				CLANG_WARN_EMPTY_BODY = YES;
				CLANG_WARN_ENUM_CONVERSION = YES;
				CLANG_WARN_INFINITE_RECURSION = YES;
				CLANG_WARN_INT_CONVERSION = YES;
				CLANG_WARN_NON_LITERAL_NULL_CONVERSION = YES;
				CLANG_WARN_OBJC_IMPLICIT_RETAIN_SELF = YES;
				CLANG_WARN_OBJC_LITERAL_CONVERSION = YES;
				CLANG_WARN_OBJC_ROOT_CLASS = YES_ERROR;
				CLANG_WARN_RANGE_LOOP_ANALYSIS = YES;
				CLANG_WARN_STRICT_PROTOTYPES = YES;
				CLANG_WARN_SUSPICIOUS_MOVE = YES;
				CLANG_WARN_UNGUARDED_AVAILABILITY = YES_AGGRESSIVE;
				CLANG_WARN_UNREACHABLE_CODE = YES;
				CLANG_WARN__DUPLICATE_METHOD_MATCH = YES;
				COPY_PHASE_STRIP = NO;
				DEBUG_INFORMATION_FORMAT = "dwarf-with-dsym";
				ENABLE_NS_ASSERTIONS = NO;
				ENABLE_STRICT_OBJC_MSGSEND = YES;
				GCC_C_LANGUAGE_STANDARD = gnu11;
				GCC_NO_COMMON_BLOCKS = YES;
				GCC_WARN_64_TO_32_BIT_CONVERSION = YES;
				GCC_WARN_ABOUT_RETURN_TYPE = YES_ERROR;
				GCC_WARN_UNDECLARED_SELECTOR = YES;
				GCC_WARN_UNINITIALIZED_AUTOS = YES_AGGRESSIVE;
				GCC_WARN_UNUSED_FUNCTION = YES;
				GCC_WARN_UNUSED_VARIABLE = YES;
				IPHONEOS_DEPLOYMENT_TARGET = 13.6;
				MTL_ENABLE_DEBUG_INFO = NO;
				MTL_FAST_MATH = YES;
				SDKROOT = iphoneos;
				SWIFT_COMPILATION_MODE = wholemodule;
				SWIFT_OPTIMIZATION_LEVEL = "-O";
				VALIDATE_PRODUCT = YES;
			};
			name = Release;
		};
		AFFF08B524CB1CBE0065D74E /* Debug */ = {
			isa = XCBuildConfiguration;
			buildSettings = {
				ASSETCATALOG_COMPILER_APPICON_NAME = AppIcon;
				CODE_SIGN_STYLE = Automatic;
				DEVELOPMENT_TEAM = 5737JZ27Z7;
				INFOPLIST_FILE = youtube/Info.plist;
				LD_RUNPATH_SEARCH_PATHS = (
					"$(inherited)",
					"@executable_path/Frameworks",
				);
				PRODUCT_BUNDLE_IDENTIFIER = me.youtube;
				PRODUCT_NAME = "$(TARGET_NAME)";
				SWIFT_VERSION = 5.0;
				TARGETED_DEVICE_FAMILY = "1,2";
			};
			name = Debug;
		};
		AFFF08B624CB1CBE0065D74E /* Release */ = {
			isa = XCBuildConfiguration;
			buildSettings = {
				ASSETCATALOG_COMPILER_APPICON_NAME = AppIcon;
				CODE_SIGN_STYLE = Automatic;
				DEVELOPMENT_TEAM = 5737JZ27Z7;
				INFOPLIST_FILE = youtube/Info.plist;
				LD_RUNPATH_SEARCH_PATHS = (
					"$(inherited)",
					"@executable_path/Frameworks",
				);
				PRODUCT_BUNDLE_IDENTIFIER = me.youtube;
				PRODUCT_NAME = "$(TARGET_NAME)";
				SWIFT_VERSION = 5.0;
				TARGETED_DEVICE_FAMILY = "1,2";
			};
			name = Release;
		};
/* End XCBuildConfiguration section */

/* Begin XCConfigurationList section */
		AFFF089B24CB1CBD0065D74E /* Build configuration list for PBXProject "youtube" */ = {
			isa = XCConfigurationList;
			buildConfigurations = (
				AFFF08B224CB1CBE0065D74E /* Debug */,
				AFFF08B324CB1CBE0065D74E /* Release */,
			);
			defaultConfigurationIsVisible = 0;
			defaultConfigurationName = Release;
		};
		AFFF08B424CB1CBE0065D74E /* Build configuration list for PBXNativeTarget "youtube" */ = {
			isa = XCConfigurationList;
			buildConfigurations = (
				AFFF08B524CB1CBE0065D74E /* Debug */,
				AFFF08B624CB1CBE0065D74E /* Release */,
			);
			defaultConfigurationIsVisible = 0;
			defaultConfigurationName = Release;
		};
/* End XCConfigurationList section */
	};
	rootObject = AFFF089824CB1CBD0065D74E /* Project object */;
}
